
Microsoft Visual Studio Solution File, Format Version 12.00
# Visual Studio Version 16
VisualStudioVersion = 16.0.33214.272
MinimumVisualStudioVersion = 10.0.40219.1
Project("{FAE04EC0-301F-11D3-BF4B-00C04F79EFBC}") = "AppFuncional", "AppFuncional\AppFuncional.csproj", "{24C37EB1-52FE-4A5F-9197-E206327576C8}"
EndProject
Global
	GlobalSection(SolutionConfigurationPlatforms) = preSolution
		Debug|Any CPU = Debug|Any CPU
		Release|Any CPU = Release|Any CPU
	EndGlobalSection
	GlobalSection(ProjectConfigurationPlatforms) = postSolution
		{24C37EB1-52FE-4A5F-9197-E206327576C8}.Debug|Any CPU.ActiveCfg = Debug|Any CPU
		{24C37EB1-52FE-4A5F-9197-E206327576C8}.Debug|Any CPU.Build.0 = Debug|Any CPU
		{24C37EB1-52FE-4A5F-9197-E206327576C8}.Release|Any CPU.ActiveCfg = Release|Any CPU
		{24C37EB1-52FE-4A5F-9197-E206327576C8}.Release|Any CPU.Build.0 = Release|Any CPU
	EndGlobalSection
	GlobalSection(SolutionProperties) = preSolution
		HideSolutionNode = FALSE
	EndGlobalSection
	GlobalSection(ExtensibilityGlobals) = postSolution
		SolutionGuid = {76D89226-B4C4-4AFC-BECB-EA145D0D133F}
	EndGlobalSection
EndGlobal
